
Microsoft Visual Studio Solution File, Format Version 12.00
# Visual Studio Version 17
VisualStudioVersion = 17.13.35818.85
MinimumVisualStudioVersion = 10.0.40219.1
Project("{2150E333-8FDC-42A3-9474-1A3956D46DE8}") = "documentos", "documentos", "{02EA681E-C7D8-13C7-8484-4AC65E1B71E8}"
	ProjectSection(SolutionItems) = preProject
		documentos\enunciado_TP2.png = documentos\enunciado_TP2.png
		documentos\samuel_hermany_DR4_TP2.docx = documentos\samuel_hermany_DR4_TP2.docx
		documentos\samuel_hermany_DR4_TP2.pdf = documentos\samuel_hermany_DR4_TP2.pdf
	EndProjectSection
EndProject
Project("{2150E333-8FDC-42A3-9474-1A3956D46DE8}") = "Solution Items", "Solution Items", "{53CEB27E-6D25-417E-8916-37543FE8959B}"
	ProjectSection(SolutionItems) = preProject
		README.md = README.md
	EndProjectSection
EndProject
Project("{FAE04EC0-301F-11D3-BF4B-00C04F79EFBC}") = "Exercicio_01", "Exercicio_01\Exercicio_01.csproj", "{100008F5-30C4-967A-051B-773AAC903477}"
EndProject
Project("{FAE04EC0-301F-11D3-BF4B-00C04F79EFBC}") = "Exercicio_02", "Exercicio_02\Exercicio_02.csproj", "{A1664A1F-3EFA-4754-9AF3-25AF6A8AF888}"
EndProject
Project("{FAE04EC0-301F-11D3-BF4B-00C04F79EFBC}") = "Exercicio_03", "Exercicio_03\Exercicio_03.csproj", "{0BED13B2-AC95-4E08-AD16-C241D78D9288}"
EndProject
Project("{FAE04EC0-301F-11D3-BF4B-00C04F79EFBC}") = "Exercicio_04", "Exercicio_04\Exercicio_04.csproj", "{0106B4CC-551B-4BB1-AE1F-45667930F0C2}"
EndProject
Project("{FAE04EC0-301F-11D3-BF4B-00C04F79EFBC}") = "Exercicio_05", "Exercicio_05\Exercicio_05.csproj", "{AE5F1B28-6E36-4DA4-AEC4-F4E3C54EC4A6}"
EndProject
Project("{FAE04EC0-301F-11D3-BF4B-00C04F79EFBC}") = "Exercicio_06", "Exercicio_06\Exercicio_06.csproj", "{878A368B-BA12-4206-A562-FA475D24CED6}"
EndProject
Project("{FAE04EC0-301F-11D3-BF4B-00C04F79EFBC}") = "Exercicio_07", "Exercicio_07\Exercicio_07.csproj", "{41930A58-EC11-48C3-B1B8-70DC24E0D178}"
EndProject
Project("{FAE04EC0-301F-11D3-BF4B-00C04F79EFBC}") = "Exercicio_08", "Exercicio_08\Exercicio_08.csproj", "{687CC82B-CFBD-4658-AC96-F0C2F8982D05}"
EndProject
Global
	GlobalSection(SolutionConfigurationPlatforms) = preSolution
		Debug|Any CPU = Debug|Any CPU
		Release|Any CPU = Release|Any CPU
	EndGlobalSection
	GlobalSection(ProjectConfigurationPlatforms) = postSolution
		{100008F5-30C4-967A-051B-773AAC903477}.Debug|Any CPU.ActiveCfg = Debug|Any CPU
		{100008F5-30C4-967A-051B-773AAC903477}.Debug|Any CPU.Build.0 = Debug|Any CPU
		{100008F5-30C4-967A-051B-773AAC903477}.Release|Any CPU.ActiveCfg = Release|Any CPU
		{100008F5-30C4-967A-051B-773AAC903477}.Release|Any CPU.Build.0 = Release|Any CPU
		{A1664A1F-3EFA-4754-9AF3-25AF6A8AF888}.Debug|Any CPU.ActiveCfg = Debug|Any CPU
		{A1664A1F-3EFA-4754-9AF3-25AF6A8AF888}.Debug|Any CPU.Build.0 = Debug|Any CPU
		{A1664A1F-3EFA-4754-9AF3-25AF6A8AF888}.Release|Any CPU.ActiveCfg = Release|Any CPU
		{A1664A1F-3EFA-4754-9AF3-25AF6A8AF888}.Release|Any CPU.Build.0 = Release|Any CPU
		{0BED13B2-AC95-4E08-AD16-C241D78D9288}.Debug|Any CPU.ActiveCfg = Debug|Any CPU
		{0BED13B2-AC95-4E08-AD16-C241D78D9288}.Debug|Any CPU.Build.0 = Debug|Any CPU
		{0BED13B2-AC95-4E08-AD16-C241D78D9288}.Release|Any CPU.ActiveCfg = Release|Any CPU
		{0BED13B2-AC95-4E08-AD16-C241D78D9288}.Release|Any CPU.Build.0 = Release|Any CPU
		{0106B4CC-551B-4BB1-AE1F-45667930F0C2}.Debug|Any CPU.ActiveCfg = Debug|Any CPU
		{0106B4CC-551B-4BB1-AE1F-45667930F0C2}.Debug|Any CPU.Build.0 = Debug|Any CPU
		{0106B4CC-551B-4BB1-AE1F-45667930F0C2}.Release|Any CPU.ActiveCfg = Release|Any CPU
		{0106B4CC-551B-4BB1-AE1F-45667930F0C2}.Release|Any CPU.Build.0 = Release|Any CPU
		{AE5F1B28-6E36-4DA4-AEC4-F4E3C54EC4A6}.Debug|Any CPU.ActiveCfg = Debug|Any CPU
		{AE5F1B28-6E36-4DA4-AEC4-F4E3C54EC4A6}.Debug|Any CPU.Build.0 = Debug|Any CPU
		{AE5F1B28-6E36-4DA4-AEC4-F4E3C54EC4A6}.Release|Any CPU.ActiveCfg = Release|Any CPU
		{AE5F1B28-6E36-4DA4-AEC4-F4E3C54EC4A6}.Release|Any CPU.Build.0 = Release|Any CPU
		{878A368B-BA12-4206-A562-FA475D24CED6}.Debug|Any CPU.ActiveCfg = Debug|Any CPU
		{878A368B-BA12-4206-A562-FA475D24CED6}.Debug|Any CPU.Build.0 = Debug|Any CPU
		{878A368B-BA12-4206-A562-FA475D24CED6}.Release|Any CPU.ActiveCfg = Release|Any CPU
		{878A368B-BA12-4206-A562-FA475D24CED6}.Release|Any CPU.Build.0 = Release|Any CPU
		{41930A58-EC11-48C3-B1B8-70DC24E0D178}.Debug|Any CPU.ActiveCfg = Debug|Any CPU
		{41930A58-EC11-48C3-B1B8-70DC24E0D178}.Debug|Any CPU.Build.0 = Debug|Any CPU
		{41930A58-EC11-48C3-B1B8-70DC24E0D178}.Release|Any CPU.ActiveCfg = Release|Any CPU
		{41930A58-EC11-48C3-B1B8-70DC24E0D178}.Release|Any CPU.Build.0 = Release|Any CPU
		{687CC82B-CFBD-4658-AC96-F0C2F8982D05}.Debug|Any CPU.ActiveCfg = Debug|Any CPU
		{687CC82B-CFBD-4658-AC96-F0C2F8982D05}.Debug|Any CPU.Build.0 = Debug|Any CPU
		{687CC82B-CFBD-4658-AC96-F0C2F8982D05}.Release|Any CPU.ActiveCfg = Release|Any CPU
		{687CC82B-CFBD-4658-AC96-F0C2F8982D05}.Release|Any CPU.Build.0 = Release|Any CPU
	EndGlobalSection
	GlobalSection(SolutionProperties) = preSolution
		HideSolutionNode = FALSE
	EndGlobalSection
	GlobalSection(ExtensibilityGlobals) = postSolution
		SolutionGuid = {44CF4325-EC1C-4E53-ACAD-D323A506E723}
	EndGlobalSection
EndGlobal
